// !$*UTF8*$!
{
	archiveVersion = 1;
	classes = {
	};
	objectVersion = 46;
	objects = {

/* Begin PBXBuildFile section */
		3201088596B4756681693705 /* libThree20UICommon.a in Frameworks */ = {isa = PBXBuildFile; fileRef = 3201088596B4756681693704 /* libThree20UICommon.a */; };
		320A2827FEC940B25BC42C65 /* libThree20Core.a in Frameworks */ = {isa = PBXBuildFile; fileRef = 320A2827FEC940B25BC42C64 /* libThree20Core.a */; };
		320A5A189C235877202780D5 /* libThree20Network.a in Frameworks */ = {isa = PBXBuildFile; fileRef = 320A5A189C235877202780D4 /* libThree20Network.a */; };
		320A737074758E53BA54BE95 /* libThree20UINavigator.a in Frameworks */ = {isa = PBXBuildFile; fileRef = 320A737074758E53BA54BE94 /* libThree20UINavigator.a */; };
		320AF8492C47A4D819F7C451 /* QuartzCore.framework in Frameworks */ = {isa = PBXBuildFile; fileRef = 320AF8492C47A4D819F7C450 /* QuartzCore.framework */; };
		320B6C86F11D9990244A9731 /* Three20.bundle in Resources */ = {isa = PBXBuildFile; fileRef = 320B6C86F11D9990244A9730 /* Three20.bundle */; };
		320CC833B8AF0ACFD35E6225 /* libThree20Style.a in Frameworks */ = {isa = PBXBuildFile; fileRef = 320CC833B8AF0ACFD35E6224 /* libThree20Style.a */; };
		320D7DCCE32703ACAB9A45E5 /* libThree20.a in Frameworks */ = {isa = PBXBuildFile; fileRef = 320D7DCCE32703ACAB9A45E4 /* libThree20.a */; };
		320F2C48872C2E2C4DF86205 /* libThree20UI.a in Frameworks */ = {isa = PBXBuildFile; fileRef = 320F2C48872C2E2C4DF86204 /* libThree20UI.a */; };
		4B2EF2391376381C00FB028C /* LauncherViewController.m in Sources */ = {isa = PBXBuildFile; fileRef = 4B2EF2381376381C00FB028C /* LauncherViewController.m */; };
		4B2EF2AA1377068700FB028C /* StyleTestController.m in Sources */ = {isa = PBXBuildFile; fileRef = 4B2EF2A91377068700FB028C /* StyleTestController.m */; };
		4B2EF2AD13770C4100FB028C /* gicon.png in Resources */ = {isa = PBXBuildFile; fileRef = 4B2EF2AB13770C4100FB028C /* gicon.png */; };
		4B2EF2AE13770C4100FB028C /* gicon@2x.png in Resources */ = {isa = PBXBuildFile; fileRef = 4B2EF2AC13770C4100FB028C /* gicon@2x.png */; };
		4B2EF2B113770F0C00FB028C /* photo.png in Resources */ = {isa = PBXBuildFile; fileRef = 4B2EF2AF13770F0C00FB028C /* photo.png */; };
		4B2EF2B213770F0C00FB028C /* photo@2x.png in Resources */ = {isa = PBXBuildFile; fileRef = 4B2EF2B013770F0C00FB028C /* photo@2x.png */; };
		4B2EF2B513770F2200FB028C /* eng.png in Resources */ = {isa = PBXBuildFile; fileRef = 4B2EF2B313770F2200FB028C /* eng.png */; };
		4B2EF2B613770F2200FB028C /* eng@2x.png in Resources */ = {isa = PBXBuildFile; fileRef = 4B2EF2B413770F2200FB028C /* eng@2x.png */; };
		4B2EF2B91377169F00FB028C /* TabBarTestController.m in Sources */ = {isa = PBXBuildFile; fileRef = 4B2EF2B81377169F00FB028C /* TabBarTestController.m */; };
		4BF48CD1137630520036EA67 /* UIKit.framework in Frameworks */ = {isa = PBXBuildFile; fileRef = 4BF48CD0137630520036EA67 /* UIKit.framework */; };
		4BF48CD3137630520036EA67 /* Foundation.framework in Frameworks */ = {isa = PBXBuildFile; fileRef = 4BF48CD2137630520036EA67 /* Foundation.framework */; };
		4BF48CD5137630520036EA67 /* CoreGraphics.framework in Frameworks */ = {isa = PBXBuildFile; fileRef = 4BF48CD4137630520036EA67 /* CoreGraphics.framework */; };
		4BF48CDB137630520036EA67 /* InfoPlist.strings in Resources */ = {isa = PBXBuildFile; fileRef = 4BF48CD9137630520036EA67 /* InfoPlist.strings */; };
		4BF48CDE137630520036EA67 /* main.m in Sources */ = {isa = PBXBuildFile; fileRef = 4BF48CDD137630520036EA67 /* main.m */; };
		4BF48CE1137630520036EA67 /* _20tutorialAppDelegate.m in Sources */ = {isa = PBXBuildFile; fileRef = 4BF48CE0137630520036EA67 /* _20tutorialAppDelegate.m */; };
		4BF48CE4137630530036EA67 /* MainWindow.xib in Resources */ = {isa = PBXBuildFile; fileRef = 4BF48CE2137630530036EA67 /* MainWindow.xib */; };
		4BF48CEB137630530036EA67 /* UIKit.framework in Frameworks */ = {isa = PBXBuildFile; fileRef = 4BF48CD0137630520036EA67 /* UIKit.framework */; };
		4BF48CEC137630530036EA67 /* Foundation.framework in Frameworks */ = {isa = PBXBuildFile; fileRef = 4BF48CD2137630520036EA67 /* Foundation.framework */; };
		4BF48CED137630530036EA67 /* CoreGraphics.framework in Frameworks */ = {isa = PBXBuildFile; fileRef = 4BF48CD4137630520036EA67 /* CoreGraphics.framework */; };
		4BF48CF5137630530036EA67 /* InfoPlist.strings in Resources */ = {isa = PBXBuildFile; fileRef = 4BF48CF3137630530036EA67 /* InfoPlist.strings */; };
		4BF48CF8137630530036EA67 /* _20tutorialTests.h in Resources */ = {isa = PBXBuildFile; fileRef = 4BF48CF7137630530036EA67 /* _20tutorialTests.h */; };
		4BF48CFA137630530036EA67 /* _20tutorialTests.m in Sources */ = {isa = PBXBuildFile; fileRef = 4BF48CF9137630530036EA67 /* _20tutorialTests.m */; };
/* End PBXBuildFile section */

/* Begin PBXContainerItemProxy section */
		3201088596B4756681693702 /* PBXContainerItemProxy */ = {
			isa = PBXContainerItemProxy;
			containerPortal = 3201088596B4756681693700 /* Three20UICommon.xcodeproj */;
			proxyType = 1;
			remoteGlobalIDString = BEF31F390F352DF5000DE5D2;
			remoteInfo = Three20UICommon;
		};
		3201088596B4756681693706 /* PBXContainerItemProxy */ = {
			isa = PBXContainerItemProxy;
			containerPortal = 3201088596B4756681693700 /* Three20UICommon.xcodeproj */;
			proxyType = 2;
			remoteGlobalIDString = BEF31F3A0F352DF5000DE5D2;
			remoteInfo = Three20UICommon;
		};
		320A2827FEC940B25BC42C62 /* PBXContainerItemProxy */ = {
			isa = PBXContainerItemProxy;
			containerPortal = 320A2827FEC940B25BC42C60 /* Three20Core.xcodeproj */;
			proxyType = 1;
			remoteGlobalIDString = BEF31F390F352DF5000DE5D2;
			remoteInfo = Three20Core;
		};
		320A2827FEC940B25BC42C66 /* PBXContainerItemProxy */ = {
			isa = PBXContainerItemProxy;
			containerPortal = 320A2827FEC940B25BC42C60 /* Three20Core.xcodeproj */;
			proxyType = 2;
			remoteGlobalIDString = BEF31F3A0F352DF5000DE5D2;
			remoteInfo = Three20Core;
		};
		320A5A189C235877202780D2 /* PBXContainerItemProxy */ = {
			isa = PBXContainerItemProxy;
			containerPortal = 320A5A189C235877202780D0 /* Three20Network.xcodeproj */;
			proxyType = 1;
			remoteGlobalIDString = BEF31F390F352DF5000DE5D2;
			remoteInfo = Three20Network;
		};
		320A5A189C235877202780D6 /* PBXContainerItemProxy */ = {
			isa = PBXContainerItemProxy;
			containerPortal = 320A5A189C235877202780D0 /* Three20Network.xcodeproj */;
			proxyType = 2;
			remoteGlobalIDString = BEF31F3A0F352DF5000DE5D2;
			remoteInfo = Three20Network;
		};
		320A737074758E53BA54BE92 /* PBXContainerItemProxy */ = {
			isa = PBXContainerItemProxy;
			containerPortal = 320A737074758E53BA54BE90 /* Three20UINavigator.xcodeproj */;
			proxyType = 1;
			remoteGlobalIDString = BEF31F390F352DF5000DE5D2;
			remoteInfo = Three20UINavigator;
		};
		320A737074758E53BA54BE96 /* PBXContainerItemProxy */ = {
			isa = PBXContainerItemProxy;
			containerPortal = 320A737074758E53BA54BE90 /* Three20UINavigator.xcodeproj */;
			proxyType = 2;
			remoteGlobalIDString = BEF31F3A0F352DF5000DE5D2;
			remoteInfo = Three20UINavigator;
		};
		320CC833B8AF0ACFD35E6222 /* PBXContainerItemProxy */ = {
			isa = PBXContainerItemProxy;
			containerPortal = 320CC833B8AF0ACFD35E6220 /* Three20Style.xcodeproj */;
			proxyType = 1;
			remoteGlobalIDString = BEF31F390F352DF5000DE5D2;
			remoteInfo = Three20Style;
		};
		320CC833B8AF0ACFD35E6226 /* PBXContainerItemProxy */ = {
			isa = PBXContainerItemProxy;
			containerPortal = 320CC833B8AF0ACFD35E6220 /* Three20Style.xcodeproj */;
			proxyType = 2;
			remoteGlobalIDString = BEF31F3A0F352DF5000DE5D2;
			remoteInfo = Three20Style;
		};
		320D7DCCE32703ACAB9A45E2 /* PBXContainerItemProxy */ = {
			isa = PBXContainerItemProxy;
			containerPortal = 320D7DCCE32703ACAB9A45E0 /* Three20.xcodeproj */;
			proxyType = 1;
			remoteGlobalIDString = BEF31F390F352DF5000DE5D2;
			remoteInfo = Three20;
		};
		320D7DCCE32703ACAB9A45E6 /* PBXContainerItemProxy */ = {
			isa = PBXContainerItemProxy;
			containerPortal = 320D7DCCE32703ACAB9A45E0 /* Three20.xcodeproj */;
			proxyType = 2;
			remoteGlobalIDString = BEF31F3A0F352DF5000DE5D2;
			remoteInfo = Three20;
		};
		320F2C48872C2E2C4DF86202 /* PBXContainerItemProxy */ = {
			isa = PBXContainerItemProxy;
			containerPortal = 320F2C48872C2E2C4DF86200 /* Three20UI.xcodeproj */;
			proxyType = 1;
			remoteGlobalIDString = BEF31F390F352DF5000DE5D2;
			remoteInfo = Three20UI;
		};
		320F2C48872C2E2C4DF86206 /* PBXContainerItemProxy */ = {
			isa = PBXContainerItemProxy;
			containerPortal = 320F2C48872C2E2C4DF86200 /* Three20UI.xcodeproj */;
			proxyType = 2;
			remoteGlobalIDString = BEF31F3A0F352DF5000DE5D2;
			remoteInfo = Three20UI;
		};
		4B2EF1CB1376314600FB028C /* PBXContainerItemProxy */ = {
			isa = PBXContainerItemProxy;
			containerPortal = 320D7DCCE32703ACAB9A45E0 /* Three20.xcodeproj */;
			proxyType = 2;
			remoteGlobalIDString = EB9E6C6210B6A8F800DE563C;
			remoteInfo = Three20UnitTests;
		};
		4B2EF1CE1376314600FB028C /* PBXContainerItemProxy */ = {
			isa = PBXContainerItemProxy;
			containerPortal = 320A2827FEC940B25BC42C60 /* Three20Core.xcodeproj */;
			proxyType = 2;
			remoteGlobalIDString = EB9E6C6210B6A8F800DE563C;
			remoteInfo = Three20CoreUnitTests;
		};
		4B2EF1D11376314600FB028C /* PBXContainerItemProxy */ = {
			isa = PBXContainerItemProxy;
			containerPortal = 320A5A189C235877202780D0 /* Three20Network.xcodeproj */;
			proxyType = 2;
			remoteGlobalIDString = EB9E6C6210B6A8F800DE563C;
			remoteInfo = Three20NetworkUnitTests;
		};
		4B2EF1D41376314600FB028C /* PBXContainerItemProxy */ = {
			isa = PBXContainerItemProxy;
			containerPortal = 320CC833B8AF0ACFD35E6220 /* Three20Style.xcodeproj */;
			proxyType = 2;
			remoteGlobalIDString = EB9E6C6210B6A8F800DE563C;
			remoteInfo = Three20StyleUnitTests;
		};
		4B2EF1D71376314600FB028C /* PBXContainerItemProxy */ = {
			isa = PBXContainerItemProxy;
			containerPortal = 320F2C48872C2E2C4DF86200 /* Three20UI.xcodeproj */;
			proxyType = 2;
			remoteGlobalIDString = EB9E6C6210B6A8F800DE563C;
			remoteInfo = Three20UIUnitTests;
		};
		4B2EF1DA1376314600FB028C /* PBXContainerItemProxy */ = {
			isa = PBXContainerItemProxy;
			containerPortal = 3201088596B4756681693700 /* Three20UICommon.xcodeproj */;
			proxyType = 2;
			remoteGlobalIDString = EB9E6C6210B6A8F800DE563C;
			remoteInfo = Three20UICommonUnitTests;
		};
		4B2EF1DD1376314600FB028C /* PBXContainerItemProxy */ = {
			isa = PBXContainerItemProxy;
			containerPortal = 320A737074758E53BA54BE90 /* Three20UINavigator.xcodeproj */;
			proxyType = 2;
			remoteGlobalIDString = EB9E6C6210B6A8F800DE563C;
			remoteInfo = Three20UINavigatorUnitTests;
		};
		4BF48CEE137630530036EA67 /* PBXContainerItemProxy */ = {
			isa = PBXContainerItemProxy;
			containerPortal = 4BF48CC3137630520036EA67 /* Project object */;
			proxyType = 1;
			remoteGlobalIDString = 4BF48CCB137630520036EA67;
			remoteInfo = 320tutorial;
		};
/* End PBXContainerItemProxy section */

/* Begin PBXFileReference section */
		3201088596B4756681693700 /* Three20UICommon.xcodeproj */ = {isa = PBXFileReference; lastKnownFileType = "wrapper.pb-project"; name = Three20UICommon.xcodeproj; path = ../three20/src/Three20UICommon/Three20UICommon.xcodeproj; sourceTree = SOURCE_ROOT; };
		320A2827FEC940B25BC42C60 /* Three20Core.xcodeproj */ = {isa = PBXFileReference; lastKnownFileType = "wrapper.pb-project"; name = Three20Core.xcodeproj; path = ../three20/src/Three20Core/Three20Core.xcodeproj; sourceTree = SOURCE_ROOT; };
		320A5A189C235877202780D0 /* Three20Network.xcodeproj */ = {isa = PBXFileReference; lastKnownFileType = "wrapper.pb-project"; name = Three20Network.xcodeproj; path = ../three20/src/Three20Network/Three20Network.xcodeproj; sourceTree = SOURCE_ROOT; };
		320A737074758E53BA54BE90 /* Three20UINavigator.xcodeproj */ = {isa = PBXFileReference; lastKnownFileType = "wrapper.pb-project"; name = Three20UINavigator.xcodeproj; path = ../three20/src/Three20UINavigator/Three20UINavigator.xcodeproj; sourceTree = SOURCE_ROOT; };
		320AF8492C47A4D819F7C450 /* QuartzCore.framework */ = {isa = PBXFileReference; lastKnownFileType = wrapper.framework; name = QuartzCore.framework; path = System/Library/Frameworks/QuartzCore.framework; sourceTree = SDKROOT; };
		320B6C86F11D9990244A9730 /* Three20.bundle */ = {isa = PBXFileReference; lastKnownFileType = "wrapper.plug-in"; name = Three20.bundle; path = ../three20/src/Three20.bundle; sourceTree = SOURCE_ROOT; };
		320CC833B8AF0ACFD35E6220 /* Three20Style.xcodeproj */ = {isa = PBXFileReference; lastKnownFileType = "wrapper.pb-project"; name = Three20Style.xcodeproj; path = ../three20/src/Three20Style/Three20Style.xcodeproj; sourceTree = SOURCE_ROOT; };
		320D7DCCE32703ACAB9A45E0 /* Three20.xcodeproj */ = {isa = PBXFileReference; lastKnownFileType = "wrapper.pb-project"; name = Three20.xcodeproj; path = ../three20/src/Three20/Three20.xcodeproj; sourceTree = SOURCE_ROOT; };
		320F2C48872C2E2C4DF86200 /* Three20UI.xcodeproj */ = {isa = PBXFileReference; lastKnownFileType = "wrapper.pb-project"; name = Three20UI.xcodeproj; path = ../three20/src/Three20UI/Three20UI.xcodeproj; sourceTree = SOURCE_ROOT; };
		4B2EF2371376381C00FB028C /* LauncherViewController.h */ = {isa = PBXFileReference; fileEncoding = 4; lastKnownFileType = sourcecode.c.h; path = LauncherViewController.h; sourceTree = "<group>"; };
		4B2EF2381376381C00FB028C /* LauncherViewController.m */ = {isa = PBXFileReference; fileEncoding = 4; lastKnownFileType = sourcecode.c.objc; path = LauncherViewController.m; sourceTree = "<group>"; };
		4B2EF2A81377068700FB028C /* StyleTestController.h */ = {isa = PBXFileReference; fileEncoding = 4; lastKnownFileType = sourcecode.c.h; path = StyleTestController.h; sourceTree = "<group>"; };
		4B2EF2A91377068700FB028C /* StyleTestController.m */ = {isa = PBXFileReference; fileEncoding = 4; lastKnownFileType = sourcecode.c.objc; path = StyleTestController.m; sourceTree = "<group>"; };
		4B2EF2AB13770C4100FB028C /* gicon.png */ = {isa = PBXFileReference; lastKnownFileType = image.png; path = gicon.png; sourceTree = "<group>"; };
		4B2EF2AC13770C4100FB028C /* gicon@2x.png */ = {isa = PBXFileReference; lastKnownFileType = image.png; path = "gicon@2x.png"; sourceTree = "<group>"; };
		4B2EF2AF13770F0C00FB028C /* photo.png */ = {isa = PBXFileReference; lastKnownFileType = image.png; path = photo.png; sourceTree = "<group>"; };
		4B2EF2B013770F0C00FB028C /* photo@2x.png */ = {isa = PBXFileReference; lastKnownFileType = image.png; path = "photo@2x.png"; sourceTree = "<group>"; };
		4B2EF2B313770F2200FB028C /* eng.png */ = {isa = PBXFileReference; lastKnownFileType = image.png; path = eng.png; sourceTree = "<group>"; };
		4B2EF2B413770F2200FB028C /* eng@2x.png */ = {isa = PBXFileReference; lastKnownFileType = image.png; path = "eng@2x.png"; sourceTree = "<group>"; };
		4B2EF2B71377169F00FB028C /* TabBarTestController.h */ = {isa = PBXFileReference; fileEncoding = 4; lastKnownFileType = sourcecode.c.h; path = TabBarTestController.h; sourceTree = "<group>"; };
		4B2EF2B81377169F00FB028C /* TabBarTestController.m */ = {isa = PBXFileReference; fileEncoding = 4; lastKnownFileType = sourcecode.c.objc; path = TabBarTestController.m; sourceTree = "<group>"; };
		4BF48CCC137630520036EA67 /* 320tutorial.app */ = {isa = PBXFileReference; explicitFileType = wrapper.application; includeInIndex = 0; path = 320tutorial.app; sourceTree = BUILT_PRODUCTS_DIR; };
		4BF48CD0137630520036EA67 /* UIKit.framework */ = {isa = PBXFileReference; lastKnownFileType = wrapper.framework; name = UIKit.framework; path = System/Library/Frameworks/UIKit.framework; sourceTree = SDKROOT; };
		4BF48CD2137630520036EA67 /* Foundation.framework */ = {isa = PBXFileReference; lastKnownFileType = wrapper.framework; name = Foundation.framework; path = System/Library/Frameworks/Foundation.framework; sourceTree = SDKROOT; };
		4BF48CD4137630520036EA67 /* CoreGraphics.framework */ = {isa = PBXFileReference; lastKnownFileType = wrapper.framework; name = CoreGraphics.framework; path = System/Library/Frameworks/CoreGraphics.framework; sourceTree = SDKROOT; };
		4BF48CD8137630520036EA67 /* 320tutorial-Info.plist */ = {isa = PBXFileReference; lastKnownFileType = text.plist.xml; path = "320tutorial-Info.plist"; sourceTree = "<group>"; };
		4BF48CDA137630520036EA67 /* en */ = {isa = PBXFileReference; lastKnownFileType = text.plist.strings; name = en; path = en.lproj/InfoPlist.strings; sourceTree = "<group>"; };
		4BF48CDC137630520036EA67 /* 320tutorial-Prefix.pch */ = {isa = PBXFileReference; lastKnownFileType = sourcecode.c.h; path = "320tutorial-Prefix.pch"; sourceTree = "<group>"; };
		4BF48CDD137630520036EA67 /* main.m */ = {isa = PBXFileReference; lastKnownFileType = sourcecode.c.objc; path = main.m; sourceTree = "<group>"; };
		4BF48CDF137630520036EA67 /* _20tutorialAppDelegate.h */ = {isa = PBXFileReference; lastKnownFileType = sourcecode.c.h; path = _20tutorialAppDelegate.h; sourceTree = "<group>"; };
		4BF48CE0137630520036EA67 /* _20tutorialAppDelegate.m */ = {isa = PBXFileReference; lastKnownFileType = sourcecode.c.objc; path = _20tutorialAppDelegate.m; sourceTree = "<group>"; };
		4BF48CE3137630530036EA67 /* en */ = {isa = PBXFileReference; lastKnownFileType = file.xib; name = en; path = en.lproj/MainWindow.xib; sourceTree = "<group>"; };
		4BF48CEA137630530036EA67 /* 320tutorialTests.octest */ = {isa = PBXFileReference; explicitFileType = wrapper.cfbundle; includeInIndex = 0; path = 320tutorialTests.octest; sourceTree = BUILT_PRODUCTS_DIR; };
		4BF48CF2137630530036EA67 /* 320tutorialTests-Info.plist */ = {isa = PBXFileReference; lastKnownFileType = text.plist.xml; path = "320tutorialTests-Info.plist"; sourceTree = "<group>"; };
		4BF48CF4137630530036EA67 /* en */ = {isa = PBXFileReference; lastKnownFileType = text.plist.strings; name = en; path = en.lproj/InfoPlist.strings; sourceTree = "<group>"; };
		4BF48CF6137630530036EA67 /* 320tutorialTests-Prefix.pch */ = {isa = PBXFileReference; lastKnownFileType = sourcecode.c.h; path = "320tutorialTests-Prefix.pch"; sourceTree = "<group>"; };
		4BF48CF7137630530036EA67 /* _20tutorialTests.h */ = {isa = PBXFileReference; lastKnownFileType = sourcecode.c.h; path = _20tutorialTests.h; sourceTree = "<group>"; };
		4BF48CF9137630530036EA67 /* _20tutorialTests.m */ = {isa = PBXFileReference; lastKnownFileType = sourcecode.c.objc; path = _20tutorialTests.m; sourceTree = "<group>"; };
/* End PBXFileReference section */

/* Begin PBXFrameworksBuildPhase section */
		4BF48CC9137630520036EA67 /* Frameworks */ = {
			isa = PBXFrameworksBuildPhase;
			buildActionMask = 2147483647;
			files = (
				3201088596B4756681693705 /* libThree20UICommon.a in Frameworks */,
				320D7DCCE32703ACAB9A45E5 /* libThree20.a in Frameworks */,
				320A737074758E53BA54BE95 /* libThree20UINavigator.a in Frameworks */,
				320A2827FEC940B25BC42C65 /* libThree20Core.a in Frameworks */,
				320F2C48872C2E2C4DF86205 /* libThree20UI.a in Frameworks */,
				320AF8492C47A4D819F7C451 /* QuartzCore.framework in Frameworks */,
				320A5A189C235877202780D5 /* libThree20Network.a in Frameworks */,
				320CC833B8AF0ACFD35E6225 /* libThree20Style.a in Frameworks */,
				4BF48CD1137630520036EA67 /* UIKit.framework in Frameworks */,
				4BF48CD3137630520036EA67 /* Foundation.framework in Frameworks */,
				4BF48CD5137630520036EA67 /* CoreGraphics.framework in Frameworks */,
			);
			runOnlyForDeploymentPostprocessing = 0;
		};
		4BF48CE6137630530036EA67 /* Frameworks */ = {
			isa = PBXFrameworksBuildPhase;
			buildActionMask = 2147483647;
			files = (
				4BF48CEB137630530036EA67 /* UIKit.framework in Frameworks */,
				4BF48CEC137630530036EA67 /* Foundation.framework in Frameworks */,
				4BF48CED137630530036EA67 /* CoreGraphics.framework in Frameworks */,
			);
			runOnlyForDeploymentPostprocessing = 0;
		};
/* End PBXFrameworksBuildPhase section */

/* Begin PBXGroup section */
		3201088596B4756681693703 /* Products */ = {
			isa = PBXGroup;
			children = (
				3201088596B4756681693704 /* libThree20UICommon.a */,
				4B2EF1DB1376314600FB028C /* UICommonUnitTests.octest */,
			);
			name = Products;
			sourceTree = "<group>";
		};
		320A2827FEC940B25BC42C63 /* Products */ = {
			isa = PBXGroup;
			children = (
				320A2827FEC940B25BC42C64 /* libThree20Core.a */,
				4B2EF1CF1376314600FB028C /* CoreUnitTests.octest */,
			);
			name = Products;
			sourceTree = "<group>";
		};
		320A5A189C235877202780D3 /* Products */ = {
			isa = PBXGroup;
			children = (
				320A5A189C235877202780D4 /* libThree20Network.a */,
				4B2EF1D21376314600FB028C /* NetworkUnitTests.octest */,
			);
			name = Products;
			sourceTree = "<group>";
		};
		320A737074758E53BA54BE93 /* Products */ = {
			isa = PBXGroup;
			children = (
				320A737074758E53BA54BE94 /* libThree20UINavigator.a */,
				4B2EF1DE1376314600FB028C /* UINavigatorUnitTests.octest */,
			);
			name = Products;
			sourceTree = "<group>";
		};
		320CC833B8AF0ACFD35E6223 /* Products */ = {
			isa = PBXGroup;
			children = (
				320CC833B8AF0ACFD35E6224 /* libThree20Style.a */,
				4B2EF1D51376314600FB028C /* StyleUnitTests.octest */,
			);
			name = Products;
			sourceTree = "<group>";
		};
		320D7DCCE32703ACAB9A45E3 /* Products */ = {
			isa = PBXGroup;
			children = (
				320D7DCCE32703ACAB9A45E4 /* libThree20.a */,
				4B2EF1CC1376314600FB028C /* Three20UnitTests.octest */,
			);
			name = Products;
			sourceTree = "<group>";
		};
		320F2C48872C2E2C4DF86203 /* Products */ = {
			isa = PBXGroup;
			children = (
				320F2C48872C2E2C4DF86204 /* libThree20UI.a */,
				4B2EF1D81376314600FB028C /* UIUnitTests.octest */,
			);
			name = Products;
			sourceTree = "<group>";
		};
		4B2EF21F1376336A00FB028C /* Resources */ = {
			isa = PBXGroup;
			children = (
				4B2EF2B313770F2200FB028C /* eng.png */,
				4B2EF2B413770F2200FB028C /* eng@2x.png */,
				4B2EF2AF13770F0C00FB028C /* photo.png */,
				4B2EF2B013770F0C00FB028C /* photo@2x.png */,
				4B2EF2AB13770C4100FB028C /* gicon.png */,
				4B2EF2AC13770C4100FB028C /* gicon@2x.png */,
			);
			name = Resources;
			sourceTree = "<group>";
		};
		4B2EF2361376370700FB028C /* ViewController */ = {
			isa = PBXGroup;
			children = (
				4B2EF2B71377169F00FB028C /* TabBarTestController.h */,
				4B2EF2B81377169F00FB028C /* TabBarTestController.m */,
				4B2EF2A81377068700FB028C /* StyleTestController.h */,
				4B2EF2A91377068700FB028C /* StyleTestController.m */,
				4B2EF2371376381C00FB028C /* LauncherViewController.h */,
				4B2EF2381376381C00FB028C /* LauncherViewController.m */,
			);
			name = ViewController;
			sourceTree = "<group>";
		};
		4BF48CC1137630520036EA67 = {
			isa = PBXGroup;
			children = (
				4BF48CD6137630520036EA67 /* 320tutorial */,
				4BF48CF0137630530036EA67 /* 320tutorialTests */,
				4BF48CCF137630520036EA67 /* Frameworks */,
				4B2EF21F1376336A00FB028C /* Resources */,
				4BF48CCD137630520036EA67 /* Products */,
			);
			sourceTree = "<group>";
		};
		4BF48CCD137630520036EA67 /* Products */ = {
			isa = PBXGroup;
			children = (
				4BF48CCC137630520036EA67 /* 320tutorial.app */,
				4BF48CEA137630530036EA67 /* 320tutorialTests.octest */,
			);
			name = Products;
			sourceTree = "<group>";
		};
		4BF48CCF137630520036EA67 /* Frameworks */ = {
			isa = PBXGroup;
			children = (
				3201088596B4756681693700 /* Three20UICommon.xcodeproj */,
				320D7DCCE32703ACAB9A45E0 /* Three20.xcodeproj */,
				320A737074758E53BA54BE90 /* Three20UINavigator.xcodeproj */,
				320A2827FEC940B25BC42C60 /* Three20Core.xcodeproj */,
				320F2C48872C2E2C4DF86200 /* Three20UI.xcodeproj */,
				320AF8492C47A4D819F7C450 /* QuartzCore.framework */,
				320A5A189C235877202780D0 /* Three20Network.xcodeproj */,
				320CC833B8AF0ACFD35E6220 /* Three20Style.xcodeproj */,
				4BF48CD0137630520036EA67 /* UIKit.framework */,
				4BF48CD2137630520036EA67 /* Foundation.framework */,
				4BF48CD4137630520036EA67 /* CoreGraphics.framework */,
			);
			name = Frameworks;
			sourceTree = "<group>";
		};
		4BF48CD6137630520036EA67 /* 320tutorial */ = {
			isa = PBXGroup;
			children = (
				4B2EF2361376370700FB028C /* ViewController */,
				4BF48CDF137630520036EA67 /* _20tutorialAppDelegate.h */,
				4BF48CE0137630520036EA67 /* _20tutorialAppDelegate.m */,
				4BF48CE2137630530036EA67 /* MainWindow.xib */,
				4BF48CD7137630520036EA67 /* Supporting Files */,
			);
			path = 320tutorial;
			sourceTree = "<group>";
		};
		4BF48CD7137630520036EA67 /* Supporting Files */ = {
			isa = PBXGroup;
			children = (
				320B6C86F11D9990244A9730 /* Three20.bundle */,
				4BF48CD8137630520036EA67 /* 320tutorial-Info.plist */,
				4BF48CD9137630520036EA67 /* InfoPlist.strings */,
				4BF48CDC137630520036EA67 /* 320tutorial-Prefix.pch */,
				4BF48CDD137630520036EA67 /* main.m */,
			);
			name = "Supporting Files";
			sourceTree = "<group>";
		};
		4BF48CF0137630530036EA67 /* 320tutorialTests */ = {
			isa = PBXGroup;
			children = (
				4BF48CF7137630530036EA67 /* _20tutorialTests.h */,
				4BF48CF9137630530036EA67 /* _20tutorialTests.m */,
				4BF48CF1137630530036EA67 /* Supporting Files */,
			);
			path = 320tutorialTests;
			sourceTree = "<group>";
		};
		4BF48CF1137630530036EA67 /* Supporting Files */ = {
			isa = PBXGroup;
			children = (
				4BF48CF2137630530036EA67 /* 320tutorialTests-Info.plist */,
				4BF48CF3137630530036EA67 /* InfoPlist.strings */,
				4BF48CF6137630530036EA67 /* 320tutorialTests-Prefix.pch */,
			);
			name = "Supporting Files";
			sourceTree = "<group>";
		};
/* End PBXGroup section */

/* Begin PBXNativeTarget section */
		4BF48CCB137630520036EA67 /* 320tutorial */ = {
			isa = PBXNativeTarget;
			buildConfigurationList = 4BF48CFD137630530036EA67 /* Build configuration list for PBXNativeTarget "320tutorial" */;
			buildPhases = (
				4BF48CC8137630520036EA67 /* Sources */,
				4BF48CC9137630520036EA67 /* Frameworks */,
				4BF48CCA137630520036EA67 /* Resources */,
			);
			buildRules = (
			);
			dependencies = (
				3201088596B4756681693701 /* PBXTargetDependency */,
				320D7DCCE32703ACAB9A45E1 /* PBXTargetDependency */,
				320A737074758E53BA54BE91 /* PBXTargetDependency */,
				320A2827FEC940B25BC42C61 /* PBXTargetDependency */,
				320F2C48872C2E2C4DF86201 /* PBXTargetDependency */,
				320A5A189C235877202780D1 /* PBXTargetDependency */,
				320CC833B8AF0ACFD35E6221 /* PBXTargetDependency */,
			);
			name = 320tutorial;
			productName = 320tutorial;
			productReference = 4BF48CCC137630520036EA67 /* 320tutorial.app */;
			productType = "com.apple.product-type.application";
		};
		4BF48CE9137630530036EA67 /* 320tutorialTests */ = {
			isa = PBXNativeTarget;
			buildConfigurationList = 4BF48D00137630530036EA67 /* Build configuration list for PBXNativeTarget "320tutorialTests" */;
			buildPhases = (
				4BF48CE5137630530036EA67 /* Sources */,
				4BF48CE6137630530036EA67 /* Frameworks */,
				4BF48CE7137630530036EA67 /* Resources */,
				4BF48CE8137630530036EA67 /* ShellScript */,
			);
			buildRules = (
			);
			dependencies = (
				4BF48CEF137630530036EA67 /* PBXTargetDependency */,
			);
			name = 320tutorialTests;
			productName = 320tutorialTests;
			productReference = 4BF48CEA137630530036EA67 /* 320tutorialTests.octest */;
			productType = "com.apple.product-type.bundle";
		};
/* End PBXNativeTarget section */

/* Begin PBXProject section */
		4BF48CC3137630520036EA67 /* Project object */ = {
			isa = PBXProject;
			attributes = {
				ORGANIZATIONNAME = "Galic Design";
			};
			buildConfigurationList = 4BF48CC6137630520036EA67 /* Build configuration list for PBXProject "320tutorial" */;
			compatibilityVersion = "Xcode 3.2";
			developmentRegion = English;
			hasScannedForEncodings = 0;
			knownRegions = (
				en,
			);
			mainGroup = 4BF48CC1137630520036EA67;
			productRefGroup = 4BF48CCD137630520036EA67 /* Products */;
			projectDirPath = "";
			projectReferences = (
				{
					ProductGroup = 320D7DCCE32703ACAB9A45E3 /* Products */;
					ProjectRef = 320D7DCCE32703ACAB9A45E0 /* Three20.xcodeproj */;
				},
				{
					ProductGroup = 320A2827FEC940B25BC42C63 /* Products */;
					ProjectRef = 320A2827FEC940B25BC42C60 /* Three20Core.xcodeproj */;
				},
				{
					ProductGroup = 320A5A189C235877202780D3 /* Products */;
					ProjectRef = 320A5A189C235877202780D0 /* Three20Network.xcodeproj */;
				},
				{
					ProductGroup = 320CC833B8AF0ACFD35E6223 /* Products */;
					ProjectRef = 320CC833B8AF0ACFD35E6220 /* Three20Style.xcodeproj */;
				},
				{
					ProductGroup = 320F2C48872C2E2C4DF86203 /* Products */;
					ProjectRef = 320F2C48872C2E2C4DF86200 /* Three20UI.xcodeproj */;
				},
				{
					ProductGroup = 3201088596B4756681693703 /* Products */;
					ProjectRef = 3201088596B4756681693700 /* Three20UICommon.xcodeproj */;
				},
				{
					ProductGroup = 320A737074758E53BA54BE93 /* Products */;
					ProjectRef = 320A737074758E53BA54BE90 /* Three20UINavigator.xcodeproj */;
				},
			);
			projectRoot = "";
			targets = (
				4BF48CCB137630520036EA67 /* 320tutorial */,
				4BF48CE9137630530036EA67 /* 320tutorialTests */,
			);
		};
/* End PBXProject section */

/* Begin PBXReferenceProxy section */
		3201088596B4756681693704 /* libThree20UICommon.a */ = {
			isa = PBXReferenceProxy;
			fileType = archive.ar;
			path = libThree20UICommon.a;
			remoteRef = 3201088596B4756681693706 /* PBXContainerItemProxy */;
			sourceTree = BUILT_PRODUCTS_DIR;
		};
		320A2827FEC940B25BC42C64 /* libThree20Core.a */ = {
			isa = PBXReferenceProxy;
			fileType = archive.ar;
			path = libThree20Core.a;
			remoteRef = 320A2827FEC940B25BC42C66 /* PBXContainerItemProxy */;
			sourceTree = BUILT_PRODUCTS_DIR;
		};
		320A5A189C235877202780D4 /* libThree20Network.a */ = {
			isa = PBXReferenceProxy;
			fileType = archive.ar;
			path = libThree20Network.a;
			remoteRef = 320A5A189C235877202780D6 /* PBXContainerItemProxy */;
			sourceTree = BUILT_PRODUCTS_DIR;
		};
		320A737074758E53BA54BE94 /* libThree20UINavigator.a */ = {
			isa = PBXReferenceProxy;
			fileType = archive.ar;
			path = libThree20UINavigator.a;
			remoteRef = 320A737074758E53BA54BE96 /* PBXContainerItemProxy */;
			sourceTree = BUILT_PRODUCTS_DIR;
		};
		320CC833B8AF0ACFD35E6224 /* libThree20Style.a */ = {
			isa = PBXReferenceProxy;
			fileType = archive.ar;
			path = libThree20Style.a;
			remoteRef = 320CC833B8AF0ACFD35E6226 /* PBXContainerItemProxy */;
			sourceTree = BUILT_PRODUCTS_DIR;
		};
		320D7DCCE32703ACAB9A45E4 /* libThree20.a */ = {
			isa = PBXReferenceProxy;
			fileType = archive.ar;
			path = libThree20.a;
			remoteRef = 320D7DCCE32703ACAB9A45E6 /* PBXContainerItemProxy */;
			sourceTree = BUILT_PRODUCTS_DIR;
		};
		320F2C48872C2E2C4DF86204 /* libThree20UI.a */ = {
			isa = PBXReferenceProxy;
			fileType = archive.ar;
			path = libThree20UI.a;
			remoteRef = 320F2C48872C2E2C4DF86206 /* PBXContainerItemProxy */;
			sourceTree = BUILT_PRODUCTS_DIR;
		};
		4B2EF1CC1376314600FB028C /* Three20UnitTests.octest */ = {
			isa = PBXReferenceProxy;
			fileType = wrapper.cfbundle;
			path = Three20UnitTests.octest;
			remoteRef = 4B2EF1CB1376314600FB028C /* PBXContainerItemProxy */;
			sourceTree = BUILT_PRODUCTS_DIR;
		};
		4B2EF1CF1376314600FB028C /* CoreUnitTests.octest */ = {
			isa = PBXReferenceProxy;
			fileType = wrapper.cfbundle;
			path = CoreUnitTests.octest;
			remoteRef = 4B2EF1CE1376314600FB028C /* PBXContainerItemProxy */;
			sourceTree = BUILT_PRODUCTS_DIR;
		};
		4B2EF1D21376314600FB028C /* NetworkUnitTests.octest */ = {
			isa = PBXReferenceProxy;
			fileType = wrapper.cfbundle;
			path = NetworkUnitTests.octest;
			remoteRef = 4B2EF1D11376314600FB028C /* PBXContainerItemProxy */;
			sourceTree = BUILT_PRODUCTS_DIR;
		};
		4B2EF1D51376314600FB028C /* StyleUnitTests.octest */ = {
			isa = PBXReferenceProxy;
			fileType = wrapper.cfbundle;
			path = StyleUnitTests.octest;
			remoteRef = 4B2EF1D41376314600FB028C /* PBXContainerItemProxy */;
			sourceTree = BUILT_PRODUCTS_DIR;
		};
		4B2EF1D81376314600FB028C /* UIUnitTests.octest */ = {
			isa = PBXReferenceProxy;
			fileType = wrapper.cfbundle;
			path = UIUnitTests.octest;
			remoteRef = 4B2EF1D71376314600FB028C /* PBXContainerItemProxy */;
			sourceTree = BUILT_PRODUCTS_DIR;
		};
		4B2EF1DB1376314600FB028C /* UICommonUnitTests.octest */ = {
			isa = PBXReferenceProxy;
			fileType = wrapper.cfbundle;
			path = UICommonUnitTests.octest;
			remoteRef = 4B2EF1DA1376314600FB028C /* PBXContainerItemProxy */;
			sourceTree = BUILT_PRODUCTS_DIR;
		};
		4B2EF1DE1376314600FB028C /* UINavigatorUnitTests.octest */ = {
			isa = PBXReferenceProxy;
			fileType = wrapper.cfbundle;
			path = UINavigatorUnitTests.octest;
			remoteRef = 4B2EF1DD1376314600FB028C /* PBXContainerItemProxy */;
			sourceTree = BUILT_PRODUCTS_DIR;
		};
/* End PBXReferenceProxy section */

/* Begin PBXResourcesBuildPhase section */
		4BF48CCA137630520036EA67 /* Resources */ = {
			isa = PBXResourcesBuildPhase;
			buildActionMask = 2147483647;
			files = (
				320B6C86F11D9990244A9731 /* Three20.bundle in Resources */,
				4BF48CDB137630520036EA67 /* InfoPlist.strings in Resources */,
				4BF48CE4137630530036EA67 /* MainWindow.xib in Resources */,
				4B2EF2AD13770C4100FB028C /* gicon.png in Resources */,
				4B2EF2AE13770C4100FB028C /* gicon@2x.png in Resources */,
				4B2EF2B113770F0C00FB028C /* photo.png in Resources */,
				4B2EF2B213770F0C00FB028C /* photo@2x.png in Resources */,
				4B2EF2B513770F2200FB028C /* eng.png in Resources */,
				4B2EF2B613770F2200FB028C /* eng@2x.png in Resources */,
			);
			runOnlyForDeploymentPostprocessing = 0;
		};
		4BF48CE7137630530036EA67 /* Resources */ = {
			isa = PBXResourcesBuildPhase;
			buildActionMask = 2147483647;
			files = (
				4BF48CF5137630530036EA67 /* InfoPlist.strings in Resources */,
				4BF48CF8137630530036EA67 /* _20tutorialTests.h in Resources */,
			);
			runOnlyForDeploymentPostprocessing = 0;
		};
/* End PBXResourcesBuildPhase section */

/* Begin PBXShellScriptBuildPhase section */
		4BF48CE8137630530036EA67 /* ShellScript */ = {
			isa = PBXShellScriptBuildPhase;
			buildActionMask = 2147483647;
			files = (
			);
			inputPaths = (
			);
			outputPaths = (
			);
			runOnlyForDeploymentPostprocessing = 0;
			shellPath = /bin/sh;
			shellScript = "# Run the unit tests in this test bundle.\n\"${SYSTEM_DEVELOPER_DIR}/Tools/RunUnitTests\"\n";
		};
/* End PBXShellScriptBuildPhase section */

/* Begin PBXSourcesBuildPhase section */
		4BF48CC8137630520036EA67 /* Sources */ = {
			isa = PBXSourcesBuildPhase;
			buildActionMask = 2147483647;
			files = (
				4BF48CDE137630520036EA67 /* main.m in Sources */,
				4BF48CE1137630520036EA67 /* _20tutorialAppDelegate.m in Sources */,
				4B2EF2391376381C00FB028C /* LauncherViewController.m in Sources */,
				4B2EF2AA1377068700FB028C /* StyleTestController.m in Sources */,
				4B2EF2B91377169F00FB028C /* TabBarTestController.m in Sources */,
			);
			runOnlyForDeploymentPostprocessing = 0;
		};
		4BF48CE5137630530036EA67 /* Sources */ = {
			isa = PBXSourcesBuildPhase;
			buildActionMask = 2147483647;
			files = (
				4BF48CFA137630530036EA67 /* _20tutorialTests.m in Sources */,
			);
			runOnlyForDeploymentPostprocessing = 0;
		};
/* End PBXSourcesBuildPhase section */

/* Begin PBXTargetDependency section */
		3201088596B4756681693701 /* PBXTargetDependency */ = {
			isa = PBXTargetDependency;
			name = Three20UICommon;
			targetProxy = 3201088596B4756681693702 /* PBXContainerItemProxy */;
		};
		320A2827FEC940B25BC42C61 /* PBXTargetDependency */ = {
			isa = PBXTargetDependency;
			name = Three20Core;
			targetProxy = 320A2827FEC940B25BC42C62 /* PBXContainerItemProxy */;
		};
		320A5A189C235877202780D1 /* PBXTargetDependency */ = {
			isa = PBXTargetDependency;
			name = Three20Network;
			targetProxy = 320A5A189C235877202780D2 /* PBXContainerItemProxy */;
		};
		320A737074758E53BA54BE91 /* PBXTargetDependency */ = {
			isa = PBXTargetDependency;
			name = Three20UINavigator;
			targetProxy = 320A737074758E53BA54BE92 /* PBXContainerItemProxy */;
		};
		320CC833B8AF0ACFD35E6221 /* PBXTargetDependency */ = {
			isa = PBXTargetDependency;
			name = Three20Style;
			targetProxy = 320CC833B8AF0ACFD35E6222 /* PBXContainerItemProxy */;
		};
		320D7DCCE32703ACAB9A45E1 /* PBXTargetDependency */ = {
			isa = PBXTargetDependency;
			name = Three20;
			targetProxy = 320D7DCCE32703ACAB9A45E2 /* PBXContainerItemProxy */;
		};
		320F2C48872C2E2C4DF86201 /* PBXTargetDependency */ = {
			isa = PBXTargetDependency;
			name = Three20UI;
			targetProxy = 320F2C48872C2E2C4DF86202 /* PBXContainerItemProxy */;
		};
		4BF48CEF137630530036EA67 /* PBXTargetDependency */ = {
			isa = PBXTargetDependency;
			target = 4BF48CCB137630520036EA67 /* 320tutorial */;
			targetProxy = 4BF48CEE137630530036EA67 /* PBXContainerItemProxy */;
		};
/* End PBXTargetDependency section */

/* Begin PBXVariantGroup section */
		4BF48CD9137630520036EA67 /* InfoPlist.strings */ = {
			isa = PBXVariantGroup;
			children = (
				4BF48CDA137630520036EA67 /* en */,
			);
			name = InfoPlist.strings;
			sourceTree = "<group>";
		};
		4BF48CE2137630530036EA67 /* MainWindow.xib */ = {
			isa = PBXVariantGroup;
			children = (
				4BF48CE3137630530036EA67 /* en */,
			);
			name = MainWindow.xib;
			sourceTree = "<group>";
		};
		4BF48CF3137630530036EA67 /* InfoPlist.strings */ = {
			isa = PBXVariantGroup;
			children = (
				4BF48CF4137630530036EA67 /* en */,
			);
			name = InfoPlist.strings;
			sourceTree = "<group>";
		};
/* End PBXVariantGroup section */

/* Begin XCBuildConfiguration section */
		4BF48CFB137630530036EA67 /* Debug */ = {
			isa = XCBuildConfiguration;
			buildSettings = {
				ARCHS = "$(ARCHS_STANDARD_32_BIT)";
				"CODE_SIGN_IDENTITY[sdk=iphoneos*]" = "iPhone Developer";
				GCC_C_LANGUAGE_STANDARD = gnu99;
				GCC_OPTIMIZATION_LEVEL = 0;
				GCC_PREPROCESSOR_DEFINITIONS = DEBUG;
				GCC_SYMBOLS_PRIVATE_EXTERN = NO;
				GCC_VERSION = com.apple.compilers.llvmgcc42;
				GCC_WARN_ABOUT_RETURN_TYPE = YES;
				GCC_WARN_UNUSED_VARIABLE = YES;
				HEADER_SEARCH_PATHS = (
					"$(BUILT_PRODUCTS_DIR)/../three20",
					"$(BUILT_PRODUCTS_DIR)/../../three20",
					../three20/Build/Products/three20,
				);
				IPHONEOS_DEPLOYMENT_TARGET = 4.3;
				OTHER_LDFLAGS = "-ObjC";
				SDKROOT = iphoneos;
			};
			name = Debug;
		};
		4BF48CFC137630530036EA67 /* Release */ = {
			isa = XCBuildConfiguration;
			buildSettings = {
				ARCHS = "$(ARCHS_STANDARD_32_BIT)";
				"CODE_SIGN_IDENTITY[sdk=iphoneos*]" = "iPhone Developer";
				GCC_C_LANGUAGE_STANDARD = gnu99;
				GCC_VERSION = com.apple.compilers.llvmgcc42;
				GCC_WARN_ABOUT_RETURN_TYPE = YES;
				GCC_WARN_UNUSED_VARIABLE = YES;
				HEADER_SEARCH_PATHS = (
					"$(BUILT_PRODUCTS_DIR)/../three20",
					"$(BUILT_PRODUCTS_DIR)/../../three20",
					../three20/Build/Products/three20,
				);
				IPHONEOS_DEPLOYMENT_TARGET = 4.3;
				OTHER_CFLAGS = "-DNS_BLOCK_ASSERTIONS=1";
				OTHER_LDFLAGS = "-ObjC";
				SDKROOT = iphoneos;
			};
			name = Release;
		};
		4BF48CFE137630530036EA67 /* Debug */ = {
			isa = XCBuildConfiguration;
			buildSettings = {
				ALWAYS_SEARCH_USER_PATHS = NO;
				COPY_PHASE_STRIP = NO;
				GCC_DYNAMIC_NO_PIC = NO;
				GCC_PRECOMPILE_PREFIX_HEADER = YES;
				GCC_PREFIX_HEADER = "320tutorial/320tutorial-Prefix.pch";
				INFOPLIST_FILE = "320tutorial/320tutorial-Info.plist";
				PRODUCT_NAME = "$(TARGET_NAME)";
				WRAPPER_EXTENSION = app;
			};
			name = Debug;
		};
		4BF48CFF137630530036EA67 /* Release */ = {
			isa = XCBuildConfiguration;
			buildSettings = {
				ALWAYS_SEARCH_USER_PATHS = NO;
				COPY_PHASE_STRIP = YES;
				GCC_PRECOMPILE_PREFIX_HEADER = YES;
				GCC_PREFIX_HEADER = "320tutorial/320tutorial-Prefix.pch";
				INFOPLIST_FILE = "320tutorial/320tutorial-Info.plist";
				PRODUCT_NAME = "$(TARGET_NAME)";
				VALIDATE_PRODUCT = YES;
				WRAPPER_EXTENSION = app;
			};
			name = Release;
		};
		4BF48D01137630530036EA67 /* Debug */ = {
			isa = XCBuildConfiguration;
			buildSettings = {
				ALWAYS_SEARCH_USER_PATHS = NO;
				BUNDLE_LOADER = "$(BUILT_PRODUCTS_DIR)/320tutorial.app/320tutorial";
				FRAMEWORK_SEARCH_PATHS = (
					"$(SDKROOT)/Developer/Library/Frameworks",
					"$(DEVELOPER_LIBRARY_DIR)/Frameworks",
				);
				GCC_PRECOMPILE_PREFIX_HEADER = YES;
				GCC_PREFIX_HEADER = "320tutorialTests/320tutorialTests-Prefix.pch";
				INFOPLIST_FILE = "320tutorialTests/320tutorialTests-Info.plist";
				OTHER_LDFLAGS = (
					"-framework",
					SenTestingKit,
				);
				PRODUCT_NAME = "$(TARGET_NAME)";
				TEST_HOST = "$(BUNDLE_LOADER)";
				WRAPPER_EXTENSION = octest;
			};
			name = Debug;
		};
		4BF48D02137630530036EA67 /* Release */ = {
			isa = XCBuildConfiguration;
			buildSettings = {
				ALWAYS_SEARCH_USER_PATHS = NO;
				BUNDLE_LOADER = "$(BUILT_PRODUCTS_DIR)/320tutorial.app/320tutorial";
				FRAMEWORK_SEARCH_PATHS = (
					"$(SDKROOT)/Developer/Library/Frameworks",
					"$(DEVELOPER_LIBRARY_DIR)/Frameworks",
				);
				GCC_PRECOMPILE_PREFIX_HEADER = YES;
				GCC_PREFIX_HEADER = "320tutorialTests/320tutorialTests-Prefix.pch";
				INFOPLIST_FILE = "320tutorialTests/320tutorialTests-Info.plist";
				OTHER_LDFLAGS = (
					"-framework",
					SenTestingKit,
				);
				PRODUCT_NAME = "$(TARGET_NAME)";
				TEST_HOST = "$(BUNDLE_LOADER)";
				WRAPPER_EXTENSION = octest;
			};
			name = Release;
		};
/* End XCBuildConfiguration section */

/* Begin XCConfigurationList section */
		4BF48CC6137630520036EA67 /* Build configuration list for PBXProject "320tutorial" */ = {
			isa = XCConfigurationList;
			buildConfigurations = (
				4BF48CFB137630530036EA67 /* Debug */,
				4BF48CFC137630530036EA67 /* Release */,
			);
			defaultConfigurationIsVisible = 0;
			defaultConfigurationName = Release;
		};
		4BF48CFD137630530036EA67 /* Build configuration list for PBXNativeTarget "320tutorial" */ = {
			isa = XCConfigurationList;
			buildConfigurations = (
				4BF48CFE137630530036EA67 /* Debug */,
				4BF48CFF137630530036EA67 /* Release */,
			);
			defaultConfigurationIsVisible = 0;
			defaultConfigurationName = Release;
		};
		4BF48D00137630530036EA67 /* Build configuration list for PBXNativeTarget "320tutorialTests" */ = {
			isa = XCConfigurationList;
			buildConfigurations = (
				4BF48D01137630530036EA67 /* Debug */,
				4BF48D02137630530036EA67 /* Release */,
			);
			defaultConfigurationIsVisible = 0;
			defaultConfigurationName = Release;
		};
/* End XCConfigurationList section */
	};
	rootObject = 4BF48CC3137630520036EA67 /* Project object */;
}
